
Microsoft Visual Studio Solution File, Format Version 12.00
# Visual Studio Version 17
VisualStudioVersion = 17.5.002.0
MinimumVisualStudioVersion = 10.0.40219.1
Project("{9A19103F-16F7-4668-BE54-9A1E7A4F7556}") = "Receiver", "Receiver\Receiver.csproj", "{75B39743-4D2A-415C-9317-531458F78BD2}"
EndProject
Project("{9A19103F-16F7-4668-BE54-9A1E7A4F7556}") = "sender", "Sender\sender.csproj", "{1F62C18B-1664-41AA-88E8-DCCFEA8B96D7}"
EndProject
Global
	GlobalSection(SolutionConfigurationPlatforms) = preSolution
		Debug|Any CPU = Debug|Any CPU
		Release|Any CPU = Release|Any CPU
	EndGlobalSection
	GlobalSection(ProjectConfigurationPlatforms) = postSolution
		{75B39743-4D2A-415C-9317-531458F78BD2}.Debug|Any CPU.ActiveCfg = Debug|Any CPU
		{75B39743-4D2A-415C-9317-531458F78BD2}.Debug|Any CPU.Build.0 = Debug|Any CPU
		{75B39743-4D2A-415C-9317-531458F78BD2}.Release|Any CPU.ActiveCfg = Release|Any CPU
		{75B39743-4D2A-415C-9317-531458F78BD2}.Release|Any CPU.Build.0 = Release|Any CPU
		{1F62C18B-1664-41AA-88E8-DCCFEA8B96D7}.Debug|Any CPU.ActiveCfg = Debug|Any CPU
		{1F62C18B-1664-41AA-88E8-DCCFEA8B96D7}.Debug|Any CPU.Build.0 = Debug|Any CPU
		{1F62C18B-1664-41AA-88E8-DCCFEA8B96D7}.Release|Any CPU.ActiveCfg = Release|Any CPU
		{1F62C18B-1664-41AA-88E8-DCCFEA8B96D7}.Release|Any CPU.Build.0 = Release|Any CPU
	EndGlobalSection
	GlobalSection(SolutionProperties) = preSolution
		HideSolutionNode = FALSE
	EndGlobalSection
	GlobalSection(ExtensibilityGlobals) = postSolution
		SolutionGuid = {5E798534-689F-456F-8521-B7CEA996EB38}
	EndGlobalSection
EndGlobal
